
Microsoft Visual Studio Solution File, Format Version 12.00
# Visual Studio Version 17
VisualStudioVersion = 17.6.33723.286
MinimumVisualStudioVersion = 10.0.40219.1
Project("{FAE04EC0-301F-11D3-BF4B-00C04F79EFBC}") = "Api.Snack", "Api.Snack\Api.Snack.csproj", "{364BB639-9244-4BEE-BEBC-FF6892D86433}"
EndProject
Global
	GlobalSection(SolutionConfigurationPlatforms) = preSolution
		Debug|Any CPU = Debug|Any CPU
		Release|Any CPU = Release|Any CPU
	EndGlobalSection
	GlobalSection(ProjectConfigurationPlatforms) = postSolution
		{364BB639-9244-4BEE-BEBC-FF6892D86433}.Debug|Any CPU.ActiveCfg = Debug|Any CPU
		{364BB639-9244-4BEE-BEBC-FF6892D86433}.Debug|Any CPU.Build.0 = Debug|Any CPU
		{364BB639-9244-4BEE-BEBC-FF6892D86433}.Release|Any CPU.ActiveCfg = Release|Any CPU
		{364BB639-9244-4BEE-BEBC-FF6892D86433}.Release|Any CPU.Build.0 = Release|Any CPU
	EndGlobalSection
	GlobalSection(SolutionProperties) = preSolution
		HideSolutionNode = FALSE
	EndGlobalSection
	GlobalSection(ExtensibilityGlobals) = postSolution
		SolutionGuid = {F9E9BD62-D83C-413D-A6E0-D5E05A96BE55}
	EndGlobalSection
EndGlobal
